
Microsoft Visual Studio Solution File, Format Version 12.00
# Visual Studio Version 17
VisualStudioVersion = 17.2.32630.192
MinimumVisualStudioVersion = 10.0.40219.1
Project("{888888A0-9F3D-457C-B088-3A5042F75D52}") = "Overmind", "Overmind\Overmind.pyproj", "{48F6C545-6A0C-427E-AD8B-49DD3402346D}"
EndProject
Global
	GlobalSection(SolutionConfigurationPlatforms) = preSolution
		Debug|Any CPU = Debug|Any CPU
		Release|Any CPU = Release|Any CPU
	EndGlobalSection
	GlobalSection(ProjectConfigurationPlatforms) = postSolution
		{48F6C545-6A0C-427E-AD8B-49DD3402346D}.Debug|Any CPU.ActiveCfg = Debug|Any CPU
		{48F6C545-6A0C-427E-AD8B-49DD3402346D}.Release|Any CPU.ActiveCfg = Release|Any CPU
	EndGlobalSection
	GlobalSection(SolutionProperties) = preSolution
		HideSolutionNode = FALSE
	EndGlobalSection
	GlobalSection(ExtensibilityGlobals) = postSolution
		SolutionGuid = {BCDCA56E-4E3D-4836-856A-8B4707ED6FA7}
	EndGlobalSection
EndGlobal
